
Microsoft Visual Studio Solution File, Format Version 12.00
# Visual Studio Version 17
VisualStudioVersion = 17.1.32210.238
MinimumVisualStudioVersion = 10.0.40219.1
Project("{FAE04EC0-301F-11D3-BF4B-00C04F79EFBC}") = "SelectionStatements", "SelectionStatements\SelectionStatements.csproj", "{A70A6321-B50C-4396-A819-CC3CC9914C43}"
EndProject
Global
	GlobalSection(SolutionConfigurationPlatforms) = preSolution
		Debug|Any CPU = Debug|Any CPU
		Release|Any CPU = Release|Any CPU
	EndGlobalSection
	GlobalSection(ProjectConfigurationPlatforms) = postSolution
		{A70A6321-B50C-4396-A819-CC3CC9914C43}.Debug|Any CPU.ActiveCfg = Debug|Any CPU
		{A70A6321-B50C-4396-A819-CC3CC9914C43}.Debug|Any CPU.Build.0 = Debug|Any CPU
		{A70A6321-B50C-4396-A819-CC3CC9914C43}.Release|Any CPU.ActiveCfg = Release|Any CPU
		{A70A6321-B50C-4396-A819-CC3CC9914C43}.Release|Any CPU.Build.0 = Release|Any CPU
	EndGlobalSection
	GlobalSection(SolutionProperties) = preSolution
		HideSolutionNode = FALSE
	EndGlobalSection
	GlobalSection(ExtensibilityGlobals) = postSolution
		SolutionGuid = {5328A73A-90E4-48A2-AFB5-BB80A329CD3E}
	EndGlobalSection
EndGlobal
